
Microsoft Visual Studio Solution File, Format Version 12.00
# Visual Studio Version 17
VisualStudioVersion = 17.2.32616.157
MinimumVisualStudioVersion = 10.0.40219.1
Project("{8BC9CEB8-8B4A-11D0-8D11-00A0C91BC942}") = "tree", "tree\tree.vcxproj", "{84D3B70D-63D6-44B9-A6C2-4EBD8F37DE97}"
EndProject
Project("{8BC9CEB8-8B4A-11D0-8D11-00A0C91BC942}") = "TestTree", "TestTree\TestTree.vcxproj", "{C48A369D-207F-4A1D-9FE9-83BFEC8B80FC}"
EndProject
Global
	GlobalSection(SolutionConfigurationPlatforms) = preSolution
		Debug|x64 = Debug|x64
		Debug|x86 = Debug|x86
		Release|x64 = Release|x64
		Release|x86 = Release|x86
	EndGlobalSection
	GlobalSection(ProjectConfigurationPlatforms) = postSolution
		{84D3B70D-63D6-44B9-A6C2-4EBD8F37DE97}.Debug|x64.ActiveCfg = Debug|x64
		{84D3B70D-63D6-44B9-A6C2-4EBD8F37DE97}.Debug|x64.Build.0 = Debug|x64
		{84D3B70D-63D6-44B9-A6C2-4EBD8F37DE97}.Debug|x86.ActiveCfg = Debug|Win32
		{84D3B70D-63D6-44B9-A6C2-4EBD8F37DE97}.Debug|x86.Build.0 = Debug|Win32
		{84D3B70D-63D6-44B9-A6C2-4EBD8F37DE97}.Release|x64.ActiveCfg = Release|x64
		{84D3B70D-63D6-44B9-A6C2-4EBD8F37DE97}.Release|x64.Build.0 = Release|x64
		{84D3B70D-63D6-44B9-A6C2-4EBD8F37DE97}.Release|x86.ActiveCfg = Release|Win32
		{84D3B70D-63D6-44B9-A6C2-4EBD8F37DE97}.Release|x86.Build.0 = Release|Win32
		{C48A369D-207F-4A1D-9FE9-83BFEC8B80FC}.Debug|x64.ActiveCfg = Debug|x64
		{C48A369D-207F-4A1D-9FE9-83BFEC8B80FC}.Debug|x64.Build.0 = Debug|x64
		{C48A369D-207F-4A1D-9FE9-83BFEC8B80FC}.Debug|x86.ActiveCfg = Debug|Win32
		{C48A369D-207F-4A1D-9FE9-83BFEC8B80FC}.Debug|x86.Build.0 = Debug|Win32
		{C48A369D-207F-4A1D-9FE9-83BFEC8B80FC}.Release|x64.ActiveCfg = Release|x64
		{C48A369D-207F-4A1D-9FE9-83BFEC8B80FC}.Release|x64.Build.0 = Release|x64
		{C48A369D-207F-4A1D-9FE9-83BFEC8B80FC}.Release|x86.ActiveCfg = Release|Win32
		{C48A369D-207F-4A1D-9FE9-83BFEC8B80FC}.Release|x86.Build.0 = Release|Win32
	EndGlobalSection
	GlobalSection(SolutionProperties) = preSolution
		HideSolutionNode = FALSE
	EndGlobalSection
	GlobalSection(ExtensibilityGlobals) = postSolution
		SolutionGuid = {43AEA31C-C2BD-4406-B7E9-F1CADE67B6C8}
	EndGlobalSection
EndGlobal
